
Microsoft Visual Studio Solution File, Format Version 12.00
# Visual Studio Version 16
VisualStudioVersion = 16.0.30104.148
MinimumVisualStudioVersion = 10.0.40219.1
Project("{FAE04EC0-301F-11D3-BF4B-00C04F79EFBC}") = "Capa_Presentacion", "Capa_Presentacion\Capa_Presentacion.csproj", "{D2BDF1A8-76DC-4137-A4D2-215B176A82FB}"
EndProject
Project("{FAE04EC0-301F-11D3-BF4B-00C04F79EFBC}") = "Capa_Datos", "Capa_Datos\Capa_Datos.csproj", "{674DAF0F-4F2F-4043-856F-8FB388670454}"
EndProject
Project("{FAE04EC0-301F-11D3-BF4B-00C04F79EFBC}") = "Capa_Logica", "Capa_Logica\Capa_Logica.csproj", "{BC2002A4-AACB-444F-AEC4-1F83F72BDFFC}"
EndProject
Global
	GlobalSection(SolutionConfigurationPlatforms) = preSolution
		Debug|Any CPU = Debug|Any CPU
		Release|Any CPU = Release|Any CPU
	EndGlobalSection
	GlobalSection(ProjectConfigurationPlatforms) = postSolution
		{D2BDF1A8-76DC-4137-A4D2-215B176A82FB}.Debug|Any CPU.ActiveCfg = Debug|Any CPU
		{D2BDF1A8-76DC-4137-A4D2-215B176A82FB}.Debug|Any CPU.Build.0 = Debug|Any CPU
		{D2BDF1A8-76DC-4137-A4D2-215B176A82FB}.Release|Any CPU.ActiveCfg = Release|Any CPU
		{D2BDF1A8-76DC-4137-A4D2-215B176A82FB}.Release|Any CPU.Build.0 = Release|Any CPU
		{674DAF0F-4F2F-4043-856F-8FB388670454}.Debug|Any CPU.ActiveCfg = Debug|Any CPU
		{674DAF0F-4F2F-4043-856F-8FB388670454}.Debug|Any CPU.Build.0 = Debug|Any CPU
		{674DAF0F-4F2F-4043-856F-8FB388670454}.Release|Any CPU.ActiveCfg = Release|Any CPU
		{674DAF0F-4F2F-4043-856F-8FB388670454}.Release|Any CPU.Build.0 = Release|Any CPU
		{BC2002A4-AACB-444F-AEC4-1F83F72BDFFC}.Debug|Any CPU.ActiveCfg = Debug|Any CPU
		{BC2002A4-AACB-444F-AEC4-1F83F72BDFFC}.Debug|Any CPU.Build.0 = Debug|Any CPU
		{BC2002A4-AACB-444F-AEC4-1F83F72BDFFC}.Release|Any CPU.ActiveCfg = Release|Any CPU
		{BC2002A4-AACB-444F-AEC4-1F83F72BDFFC}.Release|Any CPU.Build.0 = Release|Any CPU
	EndGlobalSection
	GlobalSection(SolutionProperties) = preSolution
		HideSolutionNode = FALSE
	EndGlobalSection
	GlobalSection(ExtensibilityGlobals) = postSolution
		SolutionGuid = {934D5D88-C8EE-4C60-A608-988F1D17B8AB}
	EndGlobalSection
EndGlobal
