
Microsoft Visual Studio Solution File, Format Version 12.00
# Visual Studio Version 16
VisualStudioVersion = 16.0.30320.27
MinimumVisualStudioVersion = 10.0.40219.1
Project("{159641D6-6404-4A2A-AE62-294DE0FE8301}") = "BackUp", "BackUp\BackUp.dtproj", "{76421196-E3F4-4BA7-BE08-F0EB00CFF698}"
EndProject
Global
	GlobalSection(SolutionConfigurationPlatforms) = preSolution
		Development|Default = Development|Default
	EndGlobalSection
	GlobalSection(ProjectConfigurationPlatforms) = postSolution
		{76421196-E3F4-4BA7-BE08-F0EB00CFF698}.Development|Default.ActiveCfg = Development
		{76421196-E3F4-4BA7-BE08-F0EB00CFF698}.Development|Default.Build.0 = Development
	EndGlobalSection
	GlobalSection(SolutionProperties) = preSolution
		HideSolutionNode = FALSE
	EndGlobalSection
	GlobalSection(ExtensibilityGlobals) = postSolution
		SolutionGuid = {07DFDB8C-5D5C-40AD-A20E-083B8F320927}
	EndGlobalSection
EndGlobal
